
Microsoft Visual Studio Solution File, Format Version 12.00
# Visual Studio Version 16
VisualStudioVersion = 16.0.34601.136
MinimumVisualStudioVersion = 10.0.40219.1
Project("{FAE04EC0-301F-11D3-BF4B-00C04F79EFBC}") = "GorselProgramlamaVize", "GorselProgramlamaVize\GorselProgramlamaVize.csproj", "{22C6F9E5-E81A-4A24-91CD-F3DA23D9AC1D}"
EndProject
Global
	GlobalSection(SolutionConfigurationPlatforms) = preSolution
		Debug|Any CPU = Debug|Any CPU
		Release|Any CPU = Release|Any CPU
	EndGlobalSection
	GlobalSection(ProjectConfigurationPlatforms) = postSolution
		{22C6F9E5-E81A-4A24-91CD-F3DA23D9AC1D}.Debug|Any CPU.ActiveCfg = Debug|Any CPU
		{22C6F9E5-E81A-4A24-91CD-F3DA23D9AC1D}.Debug|Any CPU.Build.0 = Debug|Any CPU
		{22C6F9E5-E81A-4A24-91CD-F3DA23D9AC1D}.Release|Any CPU.ActiveCfg = Release|Any CPU
		{22C6F9E5-E81A-4A24-91CD-F3DA23D9AC1D}.Release|Any CPU.Build.0 = Release|Any CPU
	EndGlobalSection
	GlobalSection(SolutionProperties) = preSolution
		HideSolutionNode = FALSE
	EndGlobalSection
	GlobalSection(ExtensibilityGlobals) = postSolution
		SolutionGuid = {8D981816-E84E-4BD6-8B6B-1BFCEE9F68F6}
	EndGlobalSection
EndGlobal
